// !$*UTF8*$!
{
	archiveVersion = 1;
	classes = {
	};
	objectVersion = 50;
	objects = {

/* Begin PBXBuildFile section */
		520B860DFCEF27A9FA8B3AD5 /* Pods_xhFrames_swift.framework in Frameworks */ = {isa = PBXBuildFile; fileRef = ABBC899FC072B4281F28F42D /* Pods_xhFrames_swift.framework */; };
		DDFDF17A21BE5DA900B1FC31 /* AppDelegate.swift in Sources */ = {isa = PBXBuildFile; fileRef = DDFDF17921BE5DA900B1FC31 /* AppDelegate.swift */; };
		DDFDF17C21BE5DA900B1FC31 /* ViewController.swift in Sources */ = {isa = PBXBuildFile; fileRef = DDFDF17B21BE5DA900B1FC31 /* ViewController.swift */; };
		DDFDF17F21BE5DA900B1FC31 /* Main.storyboard in Resources */ = {isa = PBXBuildFile; fileRef = DDFDF17D21BE5DA900B1FC31 /* Main.storyboard */; };
		DDFDF18121BE5DAB00B1FC31 /* Assets.xcassets in Resources */ = {isa = PBXBuildFile; fileRef = DDFDF18021BE5DAB00B1FC31 /* Assets.xcassets */; };
		DDFDF18421BE5DAB00B1FC31 /* LaunchScreen.storyboard in Resources */ = {isa = PBXBuildFile; fileRef = DDFDF18221BE5DAB00B1FC31 /* LaunchScreen.storyboard */; };
		DDFDF18F21BE5DAB00B1FC31 /* xhFrames_swiftTests.swift in Sources */ = {isa = PBXBuildFile; fileRef = DDFDF18E21BE5DAB00B1FC31 /* xhFrames_swiftTests.swift */; };
		DDFDF19A21BE5DAB00B1FC31 /* xhFrames_swiftUITests.swift in Sources */ = {isa = PBXBuildFile; fileRef = DDFDF19921BE5DAB00B1FC31 /* xhFrames_swiftUITests.swift */; };
		DDFDF1AB21BE689B00B1FC31 /* Constants.swift in Sources */ = {isa = PBXBuildFile; fileRef = DDFDF1AA21BE689B00B1FC31 /* Constants.swift */; };
		DDFDF1AE21BF89D000B1FC31 /* CustomConstants.swift in Sources */ = {isa = PBXBuildFile; fileRef = DDFDF1AD21BF89D000B1FC31 /* CustomConstants.swift */; };
		DDFDF1B221BF8B0100B1FC31 /* UserModel.swift in Sources */ = {isa = PBXBuildFile; fileRef = DDFDF1B121BF8B0100B1FC31 /* UserModel.swift */; };
		DDFDF1B521BF8BC200B1FC31 /* AccountManager.swift in Sources */ = {isa = PBXBuildFile; fileRef = DDFDF1B421BF8BC200B1FC31 /* AccountManager.swift */; };
		DDFDF1BA21BF8D1500B1FC31 /* BaseAPIService.swift in Sources */ = {isa = PBXBuildFile; fileRef = DDFDF1B921BF8D1500B1FC31 /* BaseAPIService.swift */; };
		DDFDF1BD21BF9E1500B1FC31 /* APIConstants.swift in Sources */ = {isa = PBXBuildFile; fileRef = DDFDF1BC21BF9E1500B1FC31 /* APIConstants.swift */; };
		DDFDF1BF21BFD1C800B1FC31 /* UserService.swift in Sources */ = {isa = PBXBuildFile; fileRef = DDFDF1BE21BFD1C800B1FC31 /* UserService.swift */; };
/* End PBXBuildFile section */

/* Begin PBXContainerItemProxy section */
		DDFDF18B21BE5DAB00B1FC31 /* PBXContainerItemProxy */ = {
			isa = PBXContainerItemProxy;
			containerPortal = DDFDF16E21BE5DA900B1FC31 /* Project object */;
			proxyType = 1;
			remoteGlobalIDString = DDFDF17521BE5DA900B1FC31;
			remoteInfo = "xhFrames-swift";
		};
		DDFDF19621BE5DAB00B1FC31 /* PBXContainerItemProxy */ = {
			isa = PBXContainerItemProxy;
			containerPortal = DDFDF16E21BE5DA900B1FC31 /* Project object */;
			proxyType = 1;
			remoteGlobalIDString = DDFDF17521BE5DA900B1FC31;
			remoteInfo = "xhFrames-swift";
		};
/* End PBXContainerItemProxy section */

/* Begin PBXFileReference section */
		6AF71CE1D0BB4DDA63764A8B /* Pods-xhFrames-swift.debug.xcconfig */ = {isa = PBXFileReference; includeInIndex = 1; lastKnownFileType = text.xcconfig; name = "Pods-xhFrames-swift.debug.xcconfig"; path = "Pods/Target Support Files/Pods-xhFrames-swift/Pods-xhFrames-swift.debug.xcconfig"; sourceTree = "<group>"; };
		ABBC899FC072B4281F28F42D /* Pods_xhFrames_swift.framework */ = {isa = PBXFileReference; explicitFileType = wrapper.framework; includeInIndex = 0; path = Pods_xhFrames_swift.framework; sourceTree = BUILT_PRODUCTS_DIR; };
		C9726395F525D2C644A975E4 /* Pods-xhFrames-swift.release.xcconfig */ = {isa = PBXFileReference; includeInIndex = 1; lastKnownFileType = text.xcconfig; name = "Pods-xhFrames-swift.release.xcconfig"; path = "Pods/Target Support Files/Pods-xhFrames-swift/Pods-xhFrames-swift.release.xcconfig"; sourceTree = "<group>"; };
		DDFDF17621BE5DA900B1FC31 /* xhFrames-swift.app */ = {isa = PBXFileReference; explicitFileType = wrapper.application; includeInIndex = 0; path = "xhFrames-swift.app"; sourceTree = BUILT_PRODUCTS_DIR; };
		DDFDF17921BE5DA900B1FC31 /* AppDelegate.swift */ = {isa = PBXFileReference; lastKnownFileType = sourcecode.swift; path = AppDelegate.swift; sourceTree = "<group>"; };
		DDFDF17B21BE5DA900B1FC31 /* ViewController.swift */ = {isa = PBXFileReference; lastKnownFileType = sourcecode.swift; path = ViewController.swift; sourceTree = "<group>"; };
		DDFDF17E21BE5DA900B1FC31 /* Base */ = {isa = PBXFileReference; lastKnownFileType = file.storyboard; name = Base; path = Base.lproj/Main.storyboard; sourceTree = "<group>"; };
		DDFDF18021BE5DAB00B1FC31 /* Assets.xcassets */ = {isa = PBXFileReference; lastKnownFileType = folder.assetcatalog; path = Assets.xcassets; sourceTree = "<group>"; };
		DDFDF18321BE5DAB00B1FC31 /* Base */ = {isa = PBXFileReference; lastKnownFileType = file.storyboard; name = Base; path = Base.lproj/LaunchScreen.storyboard; sourceTree = "<group>"; };
		DDFDF18521BE5DAB00B1FC31 /* Info.plist */ = {isa = PBXFileReference; lastKnownFileType = text.plist.xml; path = Info.plist; sourceTree = "<group>"; };
		DDFDF18A21BE5DAB00B1FC31 /* xhFrames-swiftTests.xctest */ = {isa = PBXFileReference; explicitFileType = wrapper.cfbundle; includeInIndex = 0; path = "xhFrames-swiftTests.xctest"; sourceTree = BUILT_PRODUCTS_DIR; };
		DDFDF18E21BE5DAB00B1FC31 /* xhFrames_swiftTests.swift */ = {isa = PBXFileReference; lastKnownFileType = sourcecode.swift; path = xhFrames_swiftTests.swift; sourceTree = "<group>"; };
		DDFDF19021BE5DAB00B1FC31 /* Info.plist */ = {isa = PBXFileReference; lastKnownFileType = text.plist.xml; path = Info.plist; sourceTree = "<group>"; };
		DDFDF19521BE5DAB00B1FC31 /* xhFrames-swiftUITests.xctest */ = {isa = PBXFileReference; explicitFileType = wrapper.cfbundle; includeInIndex = 0; path = "xhFrames-swiftUITests.xctest"; sourceTree = BUILT_PRODUCTS_DIR; };
		DDFDF19921BE5DAB00B1FC31 /* xhFrames_swiftUITests.swift */ = {isa = PBXFileReference; lastKnownFileType = sourcecode.swift; path = xhFrames_swiftUITests.swift; sourceTree = "<group>"; };
		DDFDF19B21BE5DAC00B1FC31 /* Info.plist */ = {isa = PBXFileReference; lastKnownFileType = text.plist.xml; path = Info.plist; sourceTree = "<group>"; };
		DDFDF1AA21BE689B00B1FC31 /* Constants.swift */ = {isa = PBXFileReference; lastKnownFileType = sourcecode.swift; path = Constants.swift; sourceTree = "<group>"; };
		DDFDF1AD21BF89D000B1FC31 /* CustomConstants.swift */ = {isa = PBXFileReference; lastKnownFileType = sourcecode.swift; path = CustomConstants.swift; sourceTree = "<group>"; };
		DDFDF1B121BF8B0100B1FC31 /* UserModel.swift */ = {isa = PBXFileReference; lastKnownFileType = sourcecode.swift; path = UserModel.swift; sourceTree = "<group>"; };
		DDFDF1B421BF8BC200B1FC31 /* AccountManager.swift */ = {isa = PBXFileReference; lastKnownFileType = sourcecode.swift; path = AccountManager.swift; sourceTree = "<group>"; };
		DDFDF1B921BF8D1500B1FC31 /* BaseAPIService.swift */ = {isa = PBXFileReference; lastKnownFileType = sourcecode.swift; path = BaseAPIService.swift; sourceTree = "<group>"; };
		DDFDF1BC21BF9E1500B1FC31 /* APIConstants.swift */ = {isa = PBXFileReference; lastKnownFileType = sourcecode.swift; path = APIConstants.swift; sourceTree = "<group>"; };
		DDFDF1BE21BFD1C800B1FC31 /* UserService.swift */ = {isa = PBXFileReference; lastKnownFileType = sourcecode.swift; path = UserService.swift; sourceTree = "<group>"; };
/* End PBXFileReference section */

/* Begin PBXFrameworksBuildPhase section */
		DDFDF17321BE5DA900B1FC31 /* Frameworks */ = {
			isa = PBXFrameworksBuildPhase;
			buildActionMask = 2147483647;
			files = (
				520B860DFCEF27A9FA8B3AD5 /* Pods_xhFrames_swift.framework in Frameworks */,
			);
			runOnlyForDeploymentPostprocessing = 0;
		};
		DDFDF18721BE5DAB00B1FC31 /* Frameworks */ = {
			isa = PBXFrameworksBuildPhase;
			buildActionMask = 2147483647;
			files = (
			);
			runOnlyForDeploymentPostprocessing = 0;
		};
		DDFDF19221BE5DAB00B1FC31 /* Frameworks */ = {
			isa = PBXFrameworksBuildPhase;
			buildActionMask = 2147483647;
			files = (
			);
			runOnlyForDeploymentPostprocessing = 0;
		};
/* End PBXFrameworksBuildPhase section */

/* Begin PBXGroup section */
		28A82E58846313768F4A82F7 /* Pods */ = {
			isa = PBXGroup;
			children = (
				6AF71CE1D0BB4DDA63764A8B /* Pods-xhFrames-swift.debug.xcconfig */,
				C9726395F525D2C644A975E4 /* Pods-xhFrames-swift.release.xcconfig */,
			);
			name = Pods;
			sourceTree = "<group>";
		};
		C25ED2DB5317EF9C158AC82E /* Frameworks */ = {
			isa = PBXGroup;
			children = (
				ABBC899FC072B4281F28F42D /* Pods_xhFrames_swift.framework */,
			);
			name = Frameworks;
			sourceTree = "<group>";
		};
		DDFDF16D21BE5DA900B1FC31 = {
			isa = PBXGroup;
			children = (
				DDFDF17821BE5DA900B1FC31 /* xhFrames-swift */,
				DDFDF18D21BE5DAB00B1FC31 /* xhFrames-swiftTests */,
				DDFDF19821BE5DAB00B1FC31 /* xhFrames-swiftUITests */,
				DDFDF17721BE5DA900B1FC31 /* Products */,
				28A82E58846313768F4A82F7 /* Pods */,
				C25ED2DB5317EF9C158AC82E /* Frameworks */,
			);
			sourceTree = "<group>";
		};
		DDFDF17721BE5DA900B1FC31 /* Products */ = {
			isa = PBXGroup;
			children = (
				DDFDF17621BE5DA900B1FC31 /* xhFrames-swift.app */,
				DDFDF18A21BE5DAB00B1FC31 /* xhFrames-swiftTests.xctest */,
				DDFDF19521BE5DAB00B1FC31 /* xhFrames-swiftUITests.xctest */,
			);
			name = Products;
			sourceTree = "<group>";
		};
		DDFDF17821BE5DA900B1FC31 /* xhFrames-swift */ = {
			isa = PBXGroup;
			children = (
				DDFDF1A721BE60E600B1FC31 /* Headers */,
				DDFDF1B021BF8AEF00B1FC31 /* Models */,
				DDFDF1B321BF8B8D00B1FC31 /* Managers */,
				DDFDF1B721BF8C1900B1FC31 /* Services */,
				DDFDF17921BE5DA900B1FC31 /* AppDelegate.swift */,
				DDFDF17B21BE5DA900B1FC31 /* ViewController.swift */,
				DDFDF17D21BE5DA900B1FC31 /* Main.storyboard */,
				DDFDF18021BE5DAB00B1FC31 /* Assets.xcassets */,
				DDFDF18221BE5DAB00B1FC31 /* LaunchScreen.storyboard */,
				DDFDF18521BE5DAB00B1FC31 /* Info.plist */,
			);
			path = "xhFrames-swift";
			sourceTree = "<group>";
		};
		DDFDF18D21BE5DAB00B1FC31 /* xhFrames-swiftTests */ = {
			isa = PBXGroup;
			children = (
				DDFDF18E21BE5DAB00B1FC31 /* xhFrames_swiftTests.swift */,
				DDFDF19021BE5DAB00B1FC31 /* Info.plist */,
			);
			path = "xhFrames-swiftTests";
			sourceTree = "<group>";
		};
		DDFDF19821BE5DAB00B1FC31 /* xhFrames-swiftUITests */ = {
			isa = PBXGroup;
			children = (
				DDFDF19921BE5DAB00B1FC31 /* xhFrames_swiftUITests.swift */,
				DDFDF19B21BE5DAC00B1FC31 /* Info.plist */,
			);
			path = "xhFrames-swiftUITests";
			sourceTree = "<group>";
		};
		DDFDF1A721BE60E600B1FC31 /* Headers */ = {
			isa = PBXGroup;
			children = (
				DDFDF1AA21BE689B00B1FC31 /* Constants.swift */,
				DDFDF1AD21BF89D000B1FC31 /* CustomConstants.swift */,
			);
			path = Headers;
			sourceTree = "<group>";
		};
		DDFDF1B021BF8AEF00B1FC31 /* Models */ = {
			isa = PBXGroup;
			children = (
				DDFDF1B121BF8B0100B1FC31 /* UserModel.swift */,
			);
			path = Models;
			sourceTree = "<group>";
		};
		DDFDF1B321BF8B8D00B1FC31 /* Managers */ = {
			isa = PBXGroup;
			children = (
				DDFDF1B421BF8BC200B1FC31 /* AccountManager.swift */,
			);
			path = Managers;
			sourceTree = "<group>";
		};
		DDFDF1B721BF8C1900B1FC31 /* Services */ = {
			isa = PBXGroup;
			children = (
				DDFDF1B821BF8C1900B1FC31 /* Bases */,
				DDFDF1BC21BF9E1500B1FC31 /* APIConstants.swift */,
				DDFDF1BE21BFD1C800B1FC31 /* UserService.swift */,
			);
			path = Services;
			sourceTree = "<group>";
		};
		DDFDF1B821BF8C1900B1FC31 /* Bases */ = {
			isa = PBXGroup;
			children = (
				DDFDF1B921BF8D1500B1FC31 /* BaseAPIService.swift */,
			);
			path = Bases;
			sourceTree = "<group>";
		};
/* End PBXGroup section */

/* Begin PBXNativeTarget section */
		DDFDF17521BE5DA900B1FC31 /* xhFrames-swift */ = {
			isa = PBXNativeTarget;
			buildConfigurationList = DDFDF19E21BE5DAC00B1FC31 /* Build configuration list for PBXNativeTarget "xhFrames-swift" */;
			buildPhases = (
				5C87E51861E46B613F071888 /* [CP] Check Pods Manifest.lock */,
				DDFDF17221BE5DA900B1FC31 /* Sources */,
				DDFDF17321BE5DA900B1FC31 /* Frameworks */,
				DDFDF17421BE5DA900B1FC31 /* Resources */,
				7F5F028B641DB4E1180DC8FD /* [CP] Embed Pods Frameworks */,
				DDFDF1AC21BF58D000B1FC31 /* ShellScript */,
			);
			buildRules = (
			);
			dependencies = (
			);
			name = "xhFrames-swift";
			productName = "xhFrames-swift";
			productReference = DDFDF17621BE5DA900B1FC31 /* xhFrames-swift.app */;
			productType = "com.apple.product-type.application";
		};
		DDFDF18921BE5DAB00B1FC31 /* xhFrames-swiftTests */ = {
			isa = PBXNativeTarget;
			buildConfigurationList = DDFDF1A121BE5DAC00B1FC31 /* Build configuration list for PBXNativeTarget "xhFrames-swiftTests" */;
			buildPhases = (
				DDFDF18621BE5DAB00B1FC31 /* Sources */,
				DDFDF18721BE5DAB00B1FC31 /* Frameworks */,
				DDFDF18821BE5DAB00B1FC31 /* Resources */,
			);
			buildRules = (
			);
			dependencies = (
				DDFDF18C21BE5DAB00B1FC31 /* PBXTargetDependency */,
			);
			name = "xhFrames-swiftTests";
			productName = "xhFrames-swiftTests";
			productReference = DDFDF18A21BE5DAB00B1FC31 /* xhFrames-swiftTests.xctest */;
			productType = "com.apple.product-type.bundle.unit-test";
		};
		DDFDF19421BE5DAB00B1FC31 /* xhFrames-swiftUITests */ = {
			isa = PBXNativeTarget;
			buildConfigurationList = DDFDF1A421BE5DAC00B1FC31 /* Build configuration list for PBXNativeTarget "xhFrames-swiftUITests" */;
			buildPhases = (
				DDFDF19121BE5DAB00B1FC31 /* Sources */,
				DDFDF19221BE5DAB00B1FC31 /* Frameworks */,
				DDFDF19321BE5DAB00B1FC31 /* Resources */,
			);
			buildRules = (
			);
			dependencies = (
				DDFDF19721BE5DAB00B1FC31 /* PBXTargetDependency */,
			);
			name = "xhFrames-swiftUITests";
			productName = "xhFrames-swiftUITests";
			productReference = DDFDF19521BE5DAB00B1FC31 /* xhFrames-swiftUITests.xctest */;
			productType = "com.apple.product-type.bundle.ui-testing";
		};
/* End PBXNativeTarget section */

/* Begin PBXProject section */
		DDFDF16E21BE5DA900B1FC31 /* Project object */ = {
			isa = PBXProject;
			attributes = {
				LastSwiftUpdateCheck = 1010;
				LastUpgradeCheck = 1010;
				ORGANIZATIONNAME = xianghui;
				TargetAttributes = {
					DDFDF17521BE5DA900B1FC31 = {
						CreatedOnToolsVersion = 10.1;
					};
					DDFDF18921BE5DAB00B1FC31 = {
						CreatedOnToolsVersion = 10.1;
						TestTargetID = DDFDF17521BE5DA900B1FC31;
					};
					DDFDF19421BE5DAB00B1FC31 = {
						CreatedOnToolsVersion = 10.1;
						TestTargetID = DDFDF17521BE5DA900B1FC31;
					};
				};
			};
			buildConfigurationList = DDFDF17121BE5DA900B1FC31 /* Build configuration list for PBXProject "xhFrames-swift" */;
			compatibilityVersion = "Xcode 9.3";
			developmentRegion = en;
			hasScannedForEncodings = 0;
			knownRegions = (
				en,
				Base,
			);
			mainGroup = DDFDF16D21BE5DA900B1FC31;
			productRefGroup = DDFDF17721BE5DA900B1FC31 /* Products */;
			projectDirPath = "";
			projectRoot = "";
			targets = (
				DDFDF17521BE5DA900B1FC31 /* xhFrames-swift */,
				DDFDF18921BE5DAB00B1FC31 /* xhFrames-swiftTests */,
				DDFDF19421BE5DAB00B1FC31 /* xhFrames-swiftUITests */,
			);
		};
/* End PBXProject section */

/* Begin PBXResourcesBuildPhase section */
		DDFDF17421BE5DA900B1FC31 /* Resources */ = {
			isa = PBXResourcesBuildPhase;
			buildActionMask = 2147483647;
			files = (
				DDFDF18421BE5DAB00B1FC31 /* LaunchScreen.storyboard in Resources */,
				DDFDF18121BE5DAB00B1FC31 /* Assets.xcassets in Resources */,
				DDFDF17F21BE5DA900B1FC31 /* Main.storyboard in Resources */,
			);
			runOnlyForDeploymentPostprocessing = 0;
		};
		DDFDF18821BE5DAB00B1FC31 /* Resources */ = {
			isa = PBXResourcesBuildPhase;
			buildActionMask = 2147483647;
			files = (
			);
			runOnlyForDeploymentPostprocessing = 0;
		};
		DDFDF19321BE5DAB00B1FC31 /* Resources */ = {
			isa = PBXResourcesBuildPhase;
			buildActionMask = 2147483647;
			files = (
			);
			runOnlyForDeploymentPostprocessing = 0;
		};
/* End PBXResourcesBuildPhase section */

/* Begin PBXShellScriptBuildPhase section */
		5C87E51861E46B613F071888 /* [CP] Check Pods Manifest.lock */ = {
			isa = PBXShellScriptBuildPhase;
			buildActionMask = 2147483647;
			files = (
			);
			inputFileListPaths = (
			);
			inputPaths = (
				"${PODS_PODFILE_DIR_PATH}/Podfile.lock",
				"${PODS_ROOT}/Manifest.lock",
			);
			name = "[CP] Check Pods Manifest.lock";
			outputFileListPaths = (
			);
			outputPaths = (
				"$(DERIVED_FILE_DIR)/Pods-xhFrames-swift-checkManifestLockResult.txt",
			);
			runOnlyForDeploymentPostprocessing = 0;
			shellPath = /bin/sh;
			shellScript = "diff \"${PODS_PODFILE_DIR_PATH}/Podfile.lock\" \"${PODS_ROOT}/Manifest.lock\" > /dev/null\nif [ $? != 0 ] ; then\n    # print error to STDERR\n    echo \"error: The sandbox is not in sync with the Podfile.lock. Run 'pod install' or update your CocoaPods installation.\" >&2\n    exit 1\nfi\n# This output is used by Xcode 'outputs' to avoid re-running this script phase.\necho \"SUCCESS\" > \"${SCRIPT_OUTPUT_FILE_0}\"\n";
			showEnvVarsInLog = 0;
		};
		7F5F028B641DB4E1180DC8FD /* [CP] Embed Pods Frameworks */ = {
			isa = PBXShellScriptBuildPhase;
			buildActionMask = 2147483647;
			files = (
			);
			inputFileListPaths = (
			);
			inputPaths = (
				"${SRCROOT}/Pods/Target Support Files/Pods-xhFrames-swift/Pods-xhFrames-swift-frameworks.sh",
				"${BUILT_PRODUCTS_DIR}/Alamofire/Alamofire.framework",
				"${BUILT_PRODUCTS_DIR}/Hue/Hue.framework",
				"${BUILT_PRODUCTS_DIR}/KMNavigationBarTransition/KMNavigationBarTransition.framework",
				"${BUILT_PRODUCTS_DIR}/Kingfisher/Kingfisher.framework",
				"${BUILT_PRODUCTS_DIR}/MJRefresh/MJRefresh.framework",
				"${BUILT_PRODUCTS_DIR}/ObjcExceptionBridging/ObjcExceptionBridging.framework",
				"${BUILT_PRODUCTS_DIR}/PKHUD/PKHUD.framework",
				"${BUILT_PRODUCTS_DIR}/ReachabilitySwift/Reachability.framework",
				"${BUILT_PRODUCTS_DIR}/SnapKit/SnapKit.framework",
				"${BUILT_PRODUCTS_DIR}/StatefulViewController/StatefulViewController.framework",
				"${BUILT_PRODUCTS_DIR}/SwiftTheme/SwiftTheme.framework",
				"${BUILT_PRODUCTS_DIR}/XCGLogger/XCGLogger.framework",
				"${BUILT_PRODUCTS_DIR}/lottie-ios/Lottie.framework",
			);
			name = "[CP] Embed Pods Frameworks";
			outputFileListPaths = (
			);
			outputPaths = (
				"${TARGET_BUILD_DIR}/${FRAMEWORKS_FOLDER_PATH}/Alamofire.framework",
				"${TARGET_BUILD_DIR}/${FRAMEWORKS_FOLDER_PATH}/Hue.framework",
				"${TARGET_BUILD_DIR}/${FRAMEWORKS_FOLDER_PATH}/KMNavigationBarTransition.framework",
				"${TARGET_BUILD_DIR}/${FRAMEWORKS_FOLDER_PATH}/Kingfisher.framework",
				"${TARGET_BUILD_DIR}/${FRAMEWORKS_FOLDER_PATH}/MJRefresh.framework",
				"${TARGET_BUILD_DIR}/${FRAMEWORKS_FOLDER_PATH}/ObjcExceptionBridging.framework",
				"${TARGET_BUILD_DIR}/${FRAMEWORKS_FOLDER_PATH}/PKHUD.framework",
				"${TARGET_BUILD_DIR}/${FRAMEWORKS_FOLDER_PATH}/Reachability.framework",
				"${TARGET_BUILD_DIR}/${FRAMEWORKS_FOLDER_PATH}/SnapKit.framework",
				"${TARGET_BUILD_DIR}/${FRAMEWORKS_FOLDER_PATH}/StatefulViewController.framework",
				"${TARGET_BUILD_DIR}/${FRAMEWORKS_FOLDER_PATH}/SwiftTheme.framework",
				"${TARGET_BUILD_DIR}/${FRAMEWORKS_FOLDER_PATH}/XCGLogger.framework",
				"${TARGET_BUILD_DIR}/${FRAMEWORKS_FOLDER_PATH}/Lottie.framework",
			);
			runOnlyForDeploymentPostprocessing = 0;
			shellPath = /bin/sh;
			shellScript = "\"${SRCROOT}/Pods/Target Support Files/Pods-xhFrames-swift/Pods-xhFrames-swift-frameworks.sh\"\n";
			showEnvVarsInLog = 0;
		};
		DDFDF1AC21BF58D000B1FC31 /* ShellScript */ = {
			isa = PBXShellScriptBuildPhase;
			buildActionMask = 2147483647;
			files = (
			);
			inputFileListPaths = (
			);
			inputPaths = (
			);
			outputFileListPaths = (
			);
			outputPaths = (
			);
			runOnlyForDeploymentPostprocessing = 0;
			shellPath = /bin/sh;
			shellScript = "TAGS=\"TODO:|FIXME:\"\necho \"searching ${SRCROOT} for ${TAGS}\"\nfind \"${SRCROOT}\" \\( -name \"*.swift\" \\) -print0 | xargs -0 egrep --with-filename --line-number --only-matching \"($TAGS).*\\$\" | perl -p -e \"s/($TAGS)/ warning: \\$1/\"\n";
		};
/* End PBXShellScriptBuildPhase section */

/* Begin PBXSourcesBuildPhase section */
		DDFDF17221BE5DA900B1FC31 /* Sources */ = {
			isa = PBXSourcesBuildPhase;
			buildActionMask = 2147483647;
			files = (
				DDFDF1AE21BF89D000B1FC31 /* CustomConstants.swift in Sources */,
				DDFDF17C21BE5DA900B1FC31 /* ViewController.swift in Sources */,
				DDFDF1BF21BFD1C800B1FC31 /* UserService.swift in Sources */,
				DDFDF17A21BE5DA900B1FC31 /* AppDelegate.swift in Sources */,
				DDFDF1BA21BF8D1500B1FC31 /* BaseAPIService.swift in Sources */,
				DDFDF1BD21BF9E1500B1FC31 /* APIConstants.swift in Sources */,
				DDFDF1B221BF8B0100B1FC31 /* UserModel.swift in Sources */,
				DDFDF1AB21BE689B00B1FC31 /* Constants.swift in Sources */,
				DDFDF1B521BF8BC200B1FC31 /* AccountManager.swift in Sources */,
			);
			runOnlyForDeploymentPostprocessing = 0;
		};
		DDFDF18621BE5DAB00B1FC31 /* Sources */ = {
			isa = PBXSourcesBuildPhase;
			buildActionMask = 2147483647;
			files = (
				DDFDF18F21BE5DAB00B1FC31 /* xhFrames_swiftTests.swift in Sources */,
			);
			runOnlyForDeploymentPostprocessing = 0;
		};
		DDFDF19121BE5DAB00B1FC31 /* Sources */ = {
			isa = PBXSourcesBuildPhase;
			buildActionMask = 2147483647;
			files = (
				DDFDF19A21BE5DAB00B1FC31 /* xhFrames_swiftUITests.swift in Sources */,
			);
			runOnlyForDeploymentPostprocessing = 0;
		};
/* End PBXSourcesBuildPhase section */

/* Begin PBXTargetDependency section */
		DDFDF18C21BE5DAB00B1FC31 /* PBXTargetDependency */ = {
			isa = PBXTargetDependency;
			target = DDFDF17521BE5DA900B1FC31 /* xhFrames-swift */;
			targetProxy = DDFDF18B21BE5DAB00B1FC31 /* PBXContainerItemProxy */;
		};
		DDFDF19721BE5DAB00B1FC31 /* PBXTargetDependency */ = {
			isa = PBXTargetDependency;
			target = DDFDF17521BE5DA900B1FC31 /* xhFrames-swift */;
			targetProxy = DDFDF19621BE5DAB00B1FC31 /* PBXContainerItemProxy */;
		};
/* End PBXTargetDependency section */

/* Begin PBXVariantGroup section */
		DDFDF17D21BE5DA900B1FC31 /* Main.storyboard */ = {
			isa = PBXVariantGroup;
			children = (
				DDFDF17E21BE5DA900B1FC31 /* Base */,
			);
			name = Main.storyboard;
			sourceTree = "<group>";
		};
		DDFDF18221BE5DAB00B1FC31 /* LaunchScreen.storyboard */ = {
			isa = PBXVariantGroup;
			children = (
				DDFDF18321BE5DAB00B1FC31 /* Base */,
			);
			name = LaunchScreen.storyboard;
			sourceTree = "<group>";
		};
/* End PBXVariantGroup section */

/* Begin XCBuildConfiguration section */
		DDFDF19C21BE5DAC00B1FC31 /* Debug */ = {
			isa = XCBuildConfiguration;
			buildSettings = {
				ALWAYS_SEARCH_USER_PATHS = NO;
				CLANG_ANALYZER_NONNULL = YES;
				CLANG_ANALYZER_NUMBER_OBJECT_CONVERSION = YES_AGGRESSIVE;
				CLANG_CXX_LANGUAGE_STANDARD = "gnu++14";
				CLANG_CXX_LIBRARY = "libc++";
				CLANG_ENABLE_MODULES = YES;
				CLANG_ENABLE_OBJC_ARC = YES;
				CLANG_ENABLE_OBJC_WEAK = YES;
				CLANG_WARN_BLOCK_CAPTURE_AUTORELEASING = YES;
				CLANG_WARN_BOOL_CONVERSION = YES;
				CLANG_WARN_COMMA = YES;
				CLANG_WARN_CONSTANT_CONVERSION = YES;
				CLANG_WARN_DEPRECATED_OBJC_IMPLEMENTATIONS = YES;
				CLANG_WARN_DIRECT_OBJC_ISA_USAGE = YES_ERROR;
				CLANG_WARN_DOCUMENTATION_COMMENTS = YES;
				CLANG_WARN_EMPTY_BODY = YES;
				CLANG_WARN_ENUM_CONVERSION = YES;
				CLANG_WARN_INFINITE_RECURSION = YES;
				CLANG_WARN_INT_CONVERSION = YES;
				CLANG_WARN_NON_LITERAL_NULL_CONVERSION = YES;
				CLANG_WARN_OBJC_IMPLICIT_RETAIN_SELF = YES;
				CLANG_WARN_OBJC_LITERAL_CONVERSION = YES;
				CLANG_WARN_OBJC_ROOT_CLASS = YES_ERROR;
				CLANG_WARN_RANGE_LOOP_ANALYSIS = YES;
				CLANG_WARN_STRICT_PROTOTYPES = YES;
				CLANG_WARN_SUSPICIOUS_MOVE = YES;
				CLANG_WARN_UNGUARDED_AVAILABILITY = YES_AGGRESSIVE;
				CLANG_WARN_UNREACHABLE_CODE = YES;
				CLANG_WARN__DUPLICATE_METHOD_MATCH = YES;
				CODE_SIGN_IDENTITY = "iPhone Developer";
				COPY_PHASE_STRIP = NO;
				DEBUG_INFORMATION_FORMAT = dwarf;
				ENABLE_STRICT_OBJC_MSGSEND = YES;
				ENABLE_TESTABILITY = YES;
				GCC_C_LANGUAGE_STANDARD = gnu11;
				GCC_DYNAMIC_NO_PIC = NO;
				GCC_NO_COMMON_BLOCKS = YES;
				GCC_OPTIMIZATION_LEVEL = 0;
				GCC_PREPROCESSOR_DEFINITIONS = (
					"DEBUG=1",
					"$(inherited)",
				);
				GCC_WARN_64_TO_32_BIT_CONVERSION = YES;
				GCC_WARN_ABOUT_RETURN_TYPE = YES_ERROR;
				GCC_WARN_UNDECLARED_SELECTOR = YES;
				GCC_WARN_UNINITIALIZED_AUTOS = YES_AGGRESSIVE;
				GCC_WARN_UNUSED_FUNCTION = YES;
				GCC_WARN_UNUSED_VARIABLE = YES;
				IPHONEOS_DEPLOYMENT_TARGET = 9.0;
				MTL_ENABLE_DEBUG_INFO = INCLUDE_SOURCE;
				MTL_FAST_MATH = YES;
				ONLY_ACTIVE_ARCH = YES;
				SDKROOT = iphoneos;
				SWIFT_ACTIVE_COMPILATION_CONDITIONS = DEBUG;
				SWIFT_OPTIMIZATION_LEVEL = "-Onone";
			};
			name = Debug;
		};
		DDFDF19D21BE5DAC00B1FC31 /* Release */ = {
			isa = XCBuildConfiguration;
			buildSettings = {
				ALWAYS_SEARCH_USER_PATHS = NO;
				CLANG_ANALYZER_NONNULL = YES;
				CLANG_ANALYZER_NUMBER_OBJECT_CONVERSION = YES_AGGRESSIVE;
				CLANG_CXX_LANGUAGE_STANDARD = "gnu++14";
				CLANG_CXX_LIBRARY = "libc++";
				CLANG_ENABLE_MODULES = YES;
				CLANG_ENABLE_OBJC_ARC = YES;
				CLANG_ENABLE_OBJC_WEAK = YES;
				CLANG_WARN_BLOCK_CAPTURE_AUTORELEASING = YES;
				CLANG_WARN_BOOL_CONVERSION = YES;
				CLANG_WARN_COMMA = YES;
				CLANG_WARN_CONSTANT_CONVERSION = YES;
				CLANG_WARN_DEPRECATED_OBJC_IMPLEMENTATIONS = YES;
				CLANG_WARN_DIRECT_OBJC_ISA_USAGE = YES_ERROR;
				CLANG_WARN_DOCUMENTATION_COMMENTS = YES;
				CLANG_WARN_EMPTY_BODY = YES;
				CLANG_WARN_ENUM_CONVERSION = YES;
				CLANG_WARN_INFINITE_RECURSION = YES;
				CLANG_WARN_INT_CONVERSION = YES;
				CLANG_WARN_NON_LITERAL_NULL_CONVERSION = YES;
				CLANG_WARN_OBJC_IMPLICIT_RETAIN_SELF = YES;
				CLANG_WARN_OBJC_LITERAL_CONVERSION = YES;
				CLANG_WARN_OBJC_ROOT_CLASS = YES_ERROR;
				CLANG_WARN_RANGE_LOOP_ANALYSIS = YES;
				CLANG_WARN_STRICT_PROTOTYPES = YES;
				CLANG_WARN_SUSPICIOUS_MOVE = YES;
				CLANG_WARN_UNGUARDED_AVAILABILITY = YES_AGGRESSIVE;
				CLANG_WARN_UNREACHABLE_CODE = YES;
				CLANG_WARN__DUPLICATE_METHOD_MATCH = YES;
				CODE_SIGN_IDENTITY = "iPhone Developer";
				COPY_PHASE_STRIP = NO;
				DEBUG_INFORMATION_FORMAT = "dwarf-with-dsym";
				ENABLE_NS_ASSERTIONS = NO;
				ENABLE_STRICT_OBJC_MSGSEND = YES;
				GCC_C_LANGUAGE_STANDARD = gnu11;
				GCC_NO_COMMON_BLOCKS = YES;
				GCC_WARN_64_TO_32_BIT_CONVERSION = YES;
				GCC_WARN_ABOUT_RETURN_TYPE = YES_ERROR;
				GCC_WARN_UNDECLARED_SELECTOR = YES;
				GCC_WARN_UNINITIALIZED_AUTOS = YES_AGGRESSIVE;
				GCC_WARN_UNUSED_FUNCTION = YES;
				GCC_WARN_UNUSED_VARIABLE = YES;
				IPHONEOS_DEPLOYMENT_TARGET = 9.0;
				MTL_ENABLE_DEBUG_INFO = NO;
				MTL_FAST_MATH = YES;
				SDKROOT = iphoneos;
				SWIFT_COMPILATION_MODE = wholemodule;
				SWIFT_OPTIMIZATION_LEVEL = "-O";
				VALIDATE_PRODUCT = YES;
			};
			name = Release;
		};
		DDFDF19F21BE5DAC00B1FC31 /* Debug */ = {
			isa = XCBuildConfiguration;
			baseConfigurationReference = 6AF71CE1D0BB4DDA63764A8B /* Pods-xhFrames-swift.debug.xcconfig */;
			buildSettings = {
				ASSETCATALOG_COMPILER_APPICON_NAME = AppIcon;
				CODE_SIGN_STYLE = Automatic;
				DEVELOPMENT_TEAM = PFS3AG5754;
				INFOPLIST_FILE = "xhFrames-swift/Info.plist";
				IPHONEOS_DEPLOYMENT_TARGET = 9.0;
				LD_RUNPATH_SEARCH_PATHS = (
					"$(inherited)",
					"@executable_path/Frameworks",
				);
				PRODUCT_BUNDLE_IDENTIFIER = "com.xianghui.xhFrames-swift";
				PRODUCT_NAME = "$(TARGET_NAME)";
				SWIFT_VERSION = 4.2;
				TARGETED_DEVICE_FAMILY = "1,2";
			};
			name = Debug;
		};
		DDFDF1A021BE5DAC00B1FC31 /* Release */ = {
			isa = XCBuildConfiguration;
			baseConfigurationReference = C9726395F525D2C644A975E4 /* Pods-xhFrames-swift.release.xcconfig */;
			buildSettings = {
				ASSETCATALOG_COMPILER_APPICON_NAME = AppIcon;
				CODE_SIGN_STYLE = Automatic;
				DEVELOPMENT_TEAM = PFS3AG5754;
				INFOPLIST_FILE = "xhFrames-swift/Info.plist";
				IPHONEOS_DEPLOYMENT_TARGET = 9.0;
				LD_RUNPATH_SEARCH_PATHS = (
					"$(inherited)",
					"@executable_path/Frameworks",
				);
				PRODUCT_BUNDLE_IDENTIFIER = "com.xianghui.xhFrames-swift";
				PRODUCT_NAME = "$(TARGET_NAME)";
				SWIFT_VERSION = 4.2;
				TARGETED_DEVICE_FAMILY = "1,2";
			};
			name = Release;
		};
		DDFDF1A221BE5DAC00B1FC31 /* Debug */ = {
			isa = XCBuildConfiguration;
			buildSettings = {
				ALWAYS_EMBED_SWIFT_STANDARD_LIBRARIES = YES;
				BUNDLE_LOADER = "$(TEST_HOST)";
				CODE_SIGN_STYLE = Automatic;
				DEVELOPMENT_TEAM = PFS3AG5754;
				INFOPLIST_FILE = "xhFrames-swiftTests/Info.plist";
				LD_RUNPATH_SEARCH_PATHS = (
					"$(inherited)",
					"@executable_path/Frameworks",
					"@loader_path/Frameworks",
				);
				PRODUCT_BUNDLE_IDENTIFIER = "com.xianghui.xhFrames-swiftTests";
				PRODUCT_NAME = "$(TARGET_NAME)";
				SWIFT_VERSION = 4.2;
				TARGETED_DEVICE_FAMILY = "1,2";
				TEST_HOST = "$(BUILT_PRODUCTS_DIR)/xhFrames-swift.app/xhFrames-swift";
			};
			name = Debug;
		};
		DDFDF1A321BE5DAC00B1FC31 /* Release */ = {
			isa = XCBuildConfiguration;
			buildSettings = {
				ALWAYS_EMBED_SWIFT_STANDARD_LIBRARIES = YES;
				BUNDLE_LOADER = "$(TEST_HOST)";
				CODE_SIGN_STYLE = Automatic;
				DEVELOPMENT_TEAM = PFS3AG5754;
				INFOPLIST_FILE = "xhFrames-swiftTests/Info.plist";
				LD_RUNPATH_SEARCH_PATHS = (
					"$(inherited)",
					"@executable_path/Frameworks",
					"@loader_path/Frameworks",
				);
				PRODUCT_BUNDLE_IDENTIFIER = "com.xianghui.xhFrames-swiftTests";
				PRODUCT_NAME = "$(TARGET_NAME)";
				SWIFT_VERSION = 4.2;
				TARGETED_DEVICE_FAMILY = "1,2";
				TEST_HOST = "$(BUILT_PRODUCTS_DIR)/xhFrames-swift.app/xhFrames-swift";
			};
			name = Release;
		};
		DDFDF1A521BE5DAC00B1FC31 /* Debug */ = {
			isa = XCBuildConfiguration;
			buildSettings = {
				ALWAYS_EMBED_SWIFT_STANDARD_LIBRARIES = YES;
				CODE_SIGN_STYLE = Automatic;
				DEVELOPMENT_TEAM = PFS3AG5754;
				INFOPLIST_FILE = "xhFrames-swiftUITests/Info.plist";
				LD_RUNPATH_SEARCH_PATHS = (
					"$(inherited)",
					"@executable_path/Frameworks",
					"@loader_path/Frameworks",
				);
				PRODUCT_BUNDLE_IDENTIFIER = "com.xianghui.xhFrames-swiftUITests";
				PRODUCT_NAME = "$(TARGET_NAME)";
				SWIFT_VERSION = 4.2;
				TARGETED_DEVICE_FAMILY = "1,2";
				TEST_TARGET_NAME = "xhFrames-swift";
			};
			name = Debug;
		};
		DDFDF1A621BE5DAC00B1FC31 /* Release */ = {
			isa = XCBuildConfiguration;
			buildSettings = {
				ALWAYS_EMBED_SWIFT_STANDARD_LIBRARIES = YES;
				CODE_SIGN_STYLE = Automatic;
				DEVELOPMENT_TEAM = PFS3AG5754;
				INFOPLIST_FILE = "xhFrames-swiftUITests/Info.plist";
				LD_RUNPATH_SEARCH_PATHS = (
					"$(inherited)",
					"@executable_path/Frameworks",
					"@loader_path/Frameworks",
				);
				PRODUCT_BUNDLE_IDENTIFIER = "com.xianghui.xhFrames-swiftUITests";
				PRODUCT_NAME = "$(TARGET_NAME)";
				SWIFT_VERSION = 4.2;
				TARGETED_DEVICE_FAMILY = "1,2";
				TEST_TARGET_NAME = "xhFrames-swift";
			};
			name = Release;
		};
/* End XCBuildConfiguration section */

/* Begin XCConfigurationList section */
		DDFDF17121BE5DA900B1FC31 /* Build configuration list for PBXProject "xhFrames-swift" */ = {
			isa = XCConfigurationList;
			buildConfigurations = (
				DDFDF19C21BE5DAC00B1FC31 /* Debug */,
				DDFDF19D21BE5DAC00B1FC31 /* Release */,
			);
			defaultConfigurationIsVisible = 0;
			defaultConfigurationName = Release;
		};
		DDFDF19E21BE5DAC00B1FC31 /* Build configuration list for PBXNativeTarget "xhFrames-swift" */ = {
			isa = XCConfigurationList;
			buildConfigurations = (
				DDFDF19F21BE5DAC00B1FC31 /* Debug */,
				DDFDF1A021BE5DAC00B1FC31 /* Release */,
			);
			defaultConfigurationIsVisible = 0;
			defaultConfigurationName = Release;
		};
		DDFDF1A121BE5DAC00B1FC31 /* Build configuration list for PBXNativeTarget "xhFrames-swiftTests" */ = {
			isa = XCConfigurationList;
			buildConfigurations = (
				DDFDF1A221BE5DAC00B1FC31 /* Debug */,
				DDFDF1A321BE5DAC00B1FC31 /* Release */,
			);
			defaultConfigurationIsVisible = 0;
			defaultConfigurationName = Release;
		};
		DDFDF1A421BE5DAC00B1FC31 /* Build configuration list for PBXNativeTarget "xhFrames-swiftUITests" */ = {
			isa = XCConfigurationList;
			buildConfigurations = (
				DDFDF1A521BE5DAC00B1FC31 /* Debug */,
				DDFDF1A621BE5DAC00B1FC31 /* Release */,
			);
			defaultConfigurationIsVisible = 0;
			defaultConfigurationName = Release;
		};
/* End XCConfigurationList section */
	};
	rootObject = DDFDF16E21BE5DA900B1FC31 /* Project object */;
}
